// !$*UTF8*$!
{
	archiveVersion = 1;
	classes = {
	};
	objectVersion = 56;
	objects = {

/* Begin PBXBuildFile section */
		0A0509FD2CA6C11200A1AFA4 /* GlobalObject.swift in Sources */ = {isa = PBXBuildFile; fileRef = 0A0509FC2CA6C11200A1AFA4 /* GlobalObject.swift */; };
		0A4B5BC82CAD8A3B000881FD /* HKManager.swift in Sources */ = {isa = PBXBuildFile; fileRef = 0A4B5BC72CAD8A3B000881FD /* HKManager.swift */; };
		0A8148EF2C9EA7F900E4DEDB /* BullyTracker Watch App.app in Embed Watch Content */ = {isa = PBXBuildFile; fileRef = 0A8148EE2C9EA7F900E4DEDB /* BullyTracker Watch App.app */; settings = {ATTRIBUTES = (RemoveHeadersOnCopy, ); }; };
		0A8148F42C9EA7F900E4DEDB /* BullyTrackerApp.swift in Sources */ = {isa = PBXBuildFile; fileRef = 0A8148F32C9EA7F900E4DEDB /* BullyTrackerApp.swift */; };
		0A8148F62C9EA7F900E4DEDB /* SOSScreen.swift in Sources */ = {isa = PBXBuildFile; fileRef = 0A8148F52C9EA7F900E4DEDB /* SOSScreen.swift */; };
		0A8148F82C9EA7FA00E4DEDB /* Assets.xcassets in Resources */ = {isa = PBXBuildFile; fileRef = 0A8148F72C9EA7FA00E4DEDB /* Assets.xcassets */; };
		0A8148FB2C9EA7FA00E4DEDB /* Preview Assets.xcassets in Resources */ = {isa = PBXBuildFile; fileRef = 0A8148FA2C9EA7FA00E4DEDB /* Preview Assets.xcassets */; };
		0A8149082CA2B7E300E4DEDB /* LocationManager.swift in Sources */ = {isa = PBXBuildFile; fileRef = 0A8149072CA2B7E300E4DEDB /* LocationManager.swift */; };
		0A8C703C2CAC426200E7B7FA /* BackendRequests.swift in Sources */ = {isa = PBXBuildFile; fileRef = 0A8C703B2CAC426200E7B7FA /* BackendRequests.swift */; };
		0AAB48D02CE798C2008477A8 /* AlertManager.swift in Sources */ = {isa = PBXBuildFile; fileRef = 0AAB48CF2CE798C2008477A8 /* AlertManager.swift */; };
		0AC870A42CE7519700E009B2 /* FallDetectionManager.swift in Sources */ = {isa = PBXBuildFile; fileRef = 0AC870A32CE7519700E009B2 /* FallDetectionManager.swift */; };
		0AD308C42CC692E100CC9784 /* AwaitingSetup.swift in Sources */ = {isa = PBXBuildFile; fileRef = 0AD308C32CC692E100CC9784 /* AwaitingSetup.swift */; };
		0AD363B12CAACFE400C2F4D1 /* DataStore.swift in Sources */ = {isa = PBXBuildFile; fileRef = 0AD363B02CAACFE400C2F4D1 /* DataStore.swift */; };
/* End PBXBuildFile section */

/* Begin PBXContainerItemProxy section */
		0A8148F02C9EA7F900E4DEDB /* PBXContainerItemProxy */ = {
			isa = PBXContainerItemProxy;
			containerPortal = 0A8148E22C9EA7F900E4DEDB /* Project object */;
			proxyType = 1;
			remoteGlobalIDString = 0A8148ED2C9EA7F900E4DEDB;
			remoteInfo = "BTProto2 Watch App";
		};
/* End PBXContainerItemProxy section */

/* Begin PBXCopyFilesBuildPhase section */
		0A8149012C9EA7FA00E4DEDB /* Embed Watch Content */ = {
			isa = PBXCopyFilesBuildPhase;
			buildActionMask = 2147483647;
			dstPath = "$(CONTENTS_FOLDER_PATH)/Watch";
			dstSubfolderSpec = 16;
			files = (
				0A8148EF2C9EA7F900E4DEDB /* BullyTracker Watch App.app in Embed Watch Content */,
			);
			name = "Embed Watch Content";
			runOnlyForDeploymentPostprocessing = 0;
		};
/* End PBXCopyFilesBuildPhase section */

/* Begin PBXFileReference section */
		0A0509FC2CA6C11200A1AFA4 /* GlobalObject.swift */ = {isa = PBXFileReference; lastKnownFileType = sourcecode.swift; path = GlobalObject.swift; sourceTree = "<group>"; };
		0A38A9352CA6A2C200BD6893 /* README.md */ = {isa = PBXFileReference; lastKnownFileType = net.daringfireball.markdown; path = README.md; sourceTree = "<group>"; };
		0A4B5BC62CAD899A000881FD /* BullyTracker Watch App.entitlements */ = {isa = PBXFileReference; lastKnownFileType = text.plist.entitlements; path = "BullyTracker Watch App.entitlements"; sourceTree = "<group>"; };
		0A4B5BC72CAD8A3B000881FD /* HKManager.swift */ = {isa = PBXFileReference; lastKnownFileType = sourcecode.swift; path = HKManager.swift; sourceTree = "<group>"; };
		0A8148E82C9EA7F900E4DEDB /* BullyTracker.app */ = {isa = PBXFileReference; explicitFileType = wrapper.application; includeInIndex = 0; path = BullyTracker.app; sourceTree = BUILT_PRODUCTS_DIR; };
		0A8148EE2C9EA7F900E4DEDB /* BullyTracker Watch App.app */ = {isa = PBXFileReference; explicitFileType = wrapper.application; includeInIndex = 0; path = "BullyTracker Watch App.app"; sourceTree = BUILT_PRODUCTS_DIR; };
		0A8148F32C9EA7F900E4DEDB /* BullyTrackerApp.swift */ = {isa = PBXFileReference; lastKnownFileType = sourcecode.swift; path = BullyTrackerApp.swift; sourceTree = "<group>"; };
		0A8148F52C9EA7F900E4DEDB /* SOSScreen.swift */ = {isa = PBXFileReference; lastKnownFileType = sourcecode.swift; path = SOSScreen.swift; sourceTree = "<group>"; };
		0A8148F72C9EA7FA00E4DEDB /* Assets.xcassets */ = {isa = PBXFileReference; lastKnownFileType = folder.assetcatalog; path = Assets.xcassets; sourceTree = "<group>"; };
		0A8148FA2C9EA7FA00E4DEDB /* Preview Assets.xcassets */ = {isa = PBXFileReference; lastKnownFileType = folder.assetcatalog; path = "Preview Assets.xcassets"; sourceTree = "<group>"; };
		0A8149072CA2B7E300E4DEDB /* LocationManager.swift */ = {isa = PBXFileReference; lastKnownFileType = sourcecode.swift; path = LocationManager.swift; sourceTree = "<group>"; };
		0A8C703B2CAC426200E7B7FA /* BackendRequests.swift */ = {isa = PBXFileReference; lastKnownFileType = sourcecode.swift; path = BackendRequests.swift; sourceTree = "<group>"; };
		0AAB48CF2CE798C2008477A8 /* AlertManager.swift */ = {isa = PBXFileReference; lastKnownFileType = sourcecode.swift; path = AlertManager.swift; sourceTree = "<group>"; };
		0AC870A32CE7519700E009B2 /* FallDetectionManager.swift */ = {isa = PBXFileReference; lastKnownFileType = sourcecode.swift; path = FallDetectionManager.swift; sourceTree = "<group>"; };
		0AD308C32CC692E100CC9784 /* AwaitingSetup.swift */ = {isa = PBXFileReference; lastKnownFileType = sourcecode.swift; path = AwaitingSetup.swift; sourceTree = "<group>"; };
		0AD363B02CAACFE400C2F4D1 /* DataStore.swift */ = {isa = PBXFileReference; lastKnownFileType = sourcecode.swift; path = DataStore.swift; sourceTree = "<group>"; };
		0AF86AB92CA2CC5800B0908D /* BullyTracker-Watch-App-Info.plist */ = {isa = PBXFileReference; lastKnownFileType = text.plist.xml; path = "BullyTracker-Watch-App-Info.plist"; sourceTree = SOURCE_ROOT; };
/* End PBXFileReference section */

/* Begin PBXFrameworksBuildPhase section */
		0A8148EB2C9EA7F900E4DEDB /* Frameworks */ = {
			isa = PBXFrameworksBuildPhase;
			buildActionMask = 2147483647;
			files = (
			);
			runOnlyForDeploymentPostprocessing = 0;
		};
/* End PBXFrameworksBuildPhase section */

/* Begin PBXGroup section */
		0A8148E12C9EA7F800E4DEDB = {
			isa = PBXGroup;
			children = (
				0A38A9352CA6A2C200BD6893 /* README.md */,
				0A8148F22C9EA7F900E4DEDB /* BullyTracker Watch App */,
				0A8148E92C9EA7F900E4DEDB /* Products */,
			);
			sourceTree = "<group>";
		};
		0A8148E92C9EA7F900E4DEDB /* Products */ = {
			isa = PBXGroup;
			children = (
				0A8148E82C9EA7F900E4DEDB /* BullyTracker.app */,
				0A8148EE2C9EA7F900E4DEDB /* BullyTracker Watch App.app */,
			);
			name = Products;
			sourceTree = "<group>";
		};
		0A8148F22C9EA7F900E4DEDB /* BullyTracker Watch App */ = {
			isa = PBXGroup;
			children = (
				0A4B5BC62CAD899A000881FD /* BullyTracker Watch App.entitlements */,
				0AF86AB92CA2CC5800B0908D /* BullyTracker-Watch-App-Info.plist */,
				0A8148F32C9EA7F900E4DEDB /* BullyTrackerApp.swift */,
				0A4B5BC72CAD8A3B000881FD /* HKManager.swift */,
				0AC870A32CE7519700E009B2 /* FallDetectionManager.swift */,
				0A0509FC2CA6C11200A1AFA4 /* GlobalObject.swift */,
				0AAB48CF2CE798C2008477A8 /* AlertManager.swift */,
				0AD363B02CAACFE400C2F4D1 /* DataStore.swift */,
				0AD308C32CC692E100CC9784 /* AwaitingSetup.swift */,
				0A8C703B2CAC426200E7B7FA /* BackendRequests.swift */,
				0A8149072CA2B7E300E4DEDB /* LocationManager.swift */,
				0A8148F52C9EA7F900E4DEDB /* SOSScreen.swift */,
				0A8148F72C9EA7FA00E4DEDB /* Assets.xcassets */,
				0A8148F92C9EA7FA00E4DEDB /* Preview Content */,
			);
			path = "BullyTracker Watch App";
			sourceTree = "<group>";
		};
		0A8148F92C9EA7FA00E4DEDB /* Preview Content */ = {
			isa = PBXGroup;
			children = (
				0A8148FA2C9EA7FA00E4DEDB /* Preview Assets.xcassets */,
			);
			path = "Preview Content";
			sourceTree = "<group>";
		};
/* End PBXGroup section */

/* Begin PBXNativeTarget section */
		0A8148E72C9EA7F900E4DEDB /* BullyTracker */ = {
			isa = PBXNativeTarget;
			buildConfigurationList = 0A8149022C9EA7FA00E4DEDB /* Build configuration list for PBXNativeTarget "BullyTracker" */;
			buildPhases = (
				0A8148E62C9EA7F900E4DEDB /* Resources */,
				0A8149012C9EA7FA00E4DEDB /* Embed Watch Content */,
			);
			buildRules = (
			);
			dependencies = (
				0A8148F12C9EA7F900E4DEDB /* PBXTargetDependency */,
			);
			name = BullyTracker;
			productName = BTProto2;
			productReference = 0A8148E82C9EA7F900E4DEDB /* BullyTracker.app */;
			productType = "com.apple.product-type.application.watchapp2-container";
		};
		0A8148ED2C9EA7F900E4DEDB /* BullyTracker Watch App */ = {
			isa = PBXNativeTarget;
			buildConfigurationList = 0A8148FE2C9EA7FA00E4DEDB /* Build configuration list for PBXNativeTarget "BullyTracker Watch App" */;
			buildPhases = (
				0A8148EA2C9EA7F900E4DEDB /* Sources */,
				0A8148EB2C9EA7F900E4DEDB /* Frameworks */,
				0A8148EC2C9EA7F900E4DEDB /* Resources */,
			);
			buildRules = (
			);
			dependencies = (
			);
			name = "BullyTracker Watch App";
			productName = "BTProto2 Watch App";
			productReference = 0A8148EE2C9EA7F900E4DEDB /* BullyTracker Watch App.app */;
			productType = "com.apple.product-type.application";
		};
/* End PBXNativeTarget section */

/* Begin PBXProject section */
		0A8148E22C9EA7F900E4DEDB /* Project object */ = {
			isa = PBXProject;
			attributes = {
				BuildIndependentTargetsInParallel = 1;
				LastSwiftUpdateCheck = 1540;
				LastUpgradeCheck = 1540;
				TargetAttributes = {
					0A8148E72C9EA7F900E4DEDB = {
						CreatedOnToolsVersion = 15.4;
					};
					0A8148ED2C9EA7F900E4DEDB = {
						CreatedOnToolsVersion = 15.4;
					};
				};
			};
			buildConfigurationList = 0A8148E52C9EA7F900E4DEDB /* Build configuration list for PBXProject "BullyTracker" */;
			compatibilityVersion = "Xcode 14.0";
			developmentRegion = en;
			hasScannedForEncodings = 0;
			knownRegions = (
				en,
				Base,
			);
			mainGroup = 0A8148E12C9EA7F800E4DEDB;
			productRefGroup = 0A8148E92C9EA7F900E4DEDB /* Products */;
			projectDirPath = "";
			projectRoot = "";
			targets = (
				0A8148E72C9EA7F900E4DEDB /* BullyTracker */,
				0A8148ED2C9EA7F900E4DEDB /* BullyTracker Watch App */,
			);
		};
/* End PBXProject section */

/* Begin PBXResourcesBuildPhase section */
		0A8148E62C9EA7F900E4DEDB /* Resources */ = {
			isa = PBXResourcesBuildPhase;
			buildActionMask = 2147483647;
			files = (
			);
			runOnlyForDeploymentPostprocessing = 0;
		};
		0A8148EC2C9EA7F900E4DEDB /* Resources */ = {
			isa = PBXResourcesBuildPhase;
			buildActionMask = 2147483647;
			files = (
				0A8148FB2C9EA7FA00E4DEDB /* Preview Assets.xcassets in Resources */,
				0A8148F82C9EA7FA00E4DEDB /* Assets.xcassets in Resources */,
			);
			runOnlyForDeploymentPostprocessing = 0;
		};
/* End PBXResourcesBuildPhase section */

/* Begin PBXSourcesBuildPhase section */
		0A8148EA2C9EA7F900E4DEDB /* Sources */ = {
			isa = PBXSourcesBuildPhase;
			buildActionMask = 2147483647;
			files = (
				0A0509FD2CA6C11200A1AFA4 /* GlobalObject.swift in Sources */,
				0A8148F62C9EA7F900E4DEDB /* SOSScreen.swift in Sources */,
				0AAB48D02CE798C2008477A8 /* AlertManager.swift in Sources */,
				0A8C703C2CAC426200E7B7FA /* BackendRequests.swift in Sources */,
				0AD308C42CC692E100CC9784 /* AwaitingSetup.swift in Sources */,
				0A8148F42C9EA7F900E4DEDB /* BullyTrackerApp.swift in Sources */,
				0A4B5BC82CAD8A3B000881FD /* HKManager.swift in Sources */,
				0AD363B12CAACFE400C2F4D1 /* DataStore.swift in Sources */,
				0AC870A42CE7519700E009B2 /* FallDetectionManager.swift in Sources */,
				0A8149082CA2B7E300E4DEDB /* LocationManager.swift in Sources */,
			);
			runOnlyForDeploymentPostprocessing = 0;
		};
/* End PBXSourcesBuildPhase section */

/* Begin PBXTargetDependency section */
		0A8148F12C9EA7F900E4DEDB /* PBXTargetDependency */ = {
			isa = PBXTargetDependency;
			target = 0A8148ED2C9EA7F900E4DEDB /* BullyTracker Watch App */;
			targetProxy = 0A8148F02C9EA7F900E4DEDB /* PBXContainerItemProxy */;
		};
/* End PBXTargetDependency section */

/* Begin XCBuildConfiguration section */
		0A8148FC2C9EA7FA00E4DEDB /* Debug */ = {
			isa = XCBuildConfiguration;
			buildSettings = {
				ALWAYS_SEARCH_USER_PATHS = NO;
				ASSETCATALOG_COMPILER_GENERATE_SWIFT_ASSET_SYMBOL_EXTENSIONS = YES;
				CLANG_ANALYZER_NONNULL = YES;
				CLANG_ANALYZER_NUMBER_OBJECT_CONVERSION = YES_AGGRESSIVE;
				CLANG_CXX_LANGUAGE_STANDARD = "gnu++20";
				CLANG_ENABLE_MODULES = YES;
				CLANG_ENABLE_OBJC_ARC = YES;
				CLANG_ENABLE_OBJC_WEAK = YES;
				CLANG_WARN_BLOCK_CAPTURE_AUTORELEASING = YES;
				CLANG_WARN_BOOL_CONVERSION = YES;
				CLANG_WARN_COMMA = YES;
				CLANG_WARN_CONSTANT_CONVERSION = YES;
				CLANG_WARN_DEPRECATED_OBJC_IMPLEMENTATIONS = YES;
				CLANG_WARN_DIRECT_OBJC_ISA_USAGE = YES_ERROR;
				CLANG_WARN_DOCUMENTATION_COMMENTS = YES;
				CLANG_WARN_EMPTY_BODY = YES;
				CLANG_WARN_ENUM_CONVERSION = YES;
				CLANG_WARN_INFINITE_RECURSION = YES;
				CLANG_WARN_INT_CONVERSION = YES;
				CLANG_WARN_NON_LITERAL_NULL_CONVERSION = YES;
				CLANG_WARN_OBJC_IMPLICIT_RETAIN_SELF = YES;
				CLANG_WARN_OBJC_LITERAL_CONVERSION = YES;
				CLANG_WARN_OBJC_ROOT_CLASS = YES_ERROR;
				CLANG_WARN_QUOTED_INCLUDE_IN_FRAMEWORK_HEADER = YES;
				CLANG_WARN_RANGE_LOOP_ANALYSIS = YES;
				CLANG_WARN_STRICT_PROTOTYPES = YES;
				CLANG_WARN_SUSPICIOUS_MOVE = YES;
				CLANG_WARN_UNGUARDED_AVAILABILITY = YES_AGGRESSIVE;
				CLANG_WARN_UNREACHABLE_CODE = YES;
				CLANG_WARN__DUPLICATE_METHOD_MATCH = YES;
				COPY_PHASE_STRIP = NO;
				DEBUG_INFORMATION_FORMAT = dwarf;
				ENABLE_STRICT_OBJC_MSGSEND = YES;
				ENABLE_TESTABILITY = YES;
				ENABLE_USER_SCRIPT_SANDBOXING = YES;
				GCC_C_LANGUAGE_STANDARD = gnu17;
				GCC_DYNAMIC_NO_PIC = NO;
				GCC_NO_COMMON_BLOCKS = YES;
				GCC_OPTIMIZATION_LEVEL = 0;
				GCC_PREPROCESSOR_DEFINITIONS = (
					"DEBUG=1",
					"$(inherited)",
				);
				GCC_WARN_64_TO_32_BIT_CONVERSION = YES;
				GCC_WARN_ABOUT_RETURN_TYPE = YES_ERROR;
				GCC_WARN_UNDECLARED_SELECTOR = YES;
				GCC_WARN_UNINITIALIZED_AUTOS = YES_AGGRESSIVE;
				GCC_WARN_UNUSED_FUNCTION = YES;
				GCC_WARN_UNUSED_VARIABLE = YES;
				LOCALIZATION_PREFERS_STRING_CATALOGS = YES;
				MTL_ENABLE_DEBUG_INFO = INCLUDE_SOURCE;
				MTL_FAST_MATH = YES;
				ONLY_ACTIVE_ARCH = YES;
				SWIFT_ACTIVE_COMPILATION_CONDITIONS = "DEBUG $(inherited)";
				SWIFT_OPTIMIZATION_LEVEL = "-Onone";
			};
			name = Debug;
		};
		0A8148FD2C9EA7FA00E4DEDB /* Release */ = {
			isa = XCBuildConfiguration;
			buildSettings = {
				ALWAYS_SEARCH_USER_PATHS = NO;
				ASSETCATALOG_COMPILER_GENERATE_SWIFT_ASSET_SYMBOL_EXTENSIONS = YES;
				CLANG_ANALYZER_NONNULL = YES;
				CLANG_ANALYZER_NUMBER_OBJECT_CONVERSION = YES_AGGRESSIVE;
				CLANG_CXX_LANGUAGE_STANDARD = "gnu++20";
				CLANG_ENABLE_MODULES = YES;
				CLANG_ENABLE_OBJC_ARC = YES;
				CLANG_ENABLE_OBJC_WEAK = YES;
				CLANG_WARN_BLOCK_CAPTURE_AUTORELEASING = YES;
				CLANG_WARN_BOOL_CONVERSION = YES;
				CLANG_WARN_COMMA = YES;
				CLANG_WARN_CONSTANT_CONVERSION = YES;
				CLANG_WARN_DEPRECATED_OBJC_IMPLEMENTATIONS = YES;
				CLANG_WARN_DIRECT_OBJC_ISA_USAGE = YES_ERROR;
				CLANG_WARN_DOCUMENTATION_COMMENTS = YES;
				CLANG_WARN_EMPTY_BODY = YES;
				CLANG_WARN_ENUM_CONVERSION = YES;
				CLANG_WARN_INFINITE_RECURSION = YES;
				CLANG_WARN_INT_CONVERSION = YES;
				CLANG_WARN_NON_LITERAL_NULL_CONVERSION = YES;
				CLANG_WARN_OBJC_IMPLICIT_RETAIN_SELF = YES;
				CLANG_WARN_OBJC_LITERAL_CONVERSION = YES;
				CLANG_WARN_OBJC_ROOT_CLASS = YES_ERROR;
				CLANG_WARN_QUOTED_INCLUDE_IN_FRAMEWORK_HEADER = YES;
				CLANG_WARN_RANGE_LOOP_ANALYSIS = YES;
				CLANG_WARN_STRICT_PROTOTYPES = YES;
				CLANG_WARN_SUSPICIOUS_MOVE = YES;
				CLANG_WARN_UNGUARDED_AVAILABILITY = YES_AGGRESSIVE;
				CLANG_WARN_UNREACHABLE_CODE = YES;
				CLANG_WARN__DUPLICATE_METHOD_MATCH = YES;
				COPY_PHASE_STRIP = NO;
				DEBUG_INFORMATION_FORMAT = "dwarf-with-dsym";
				ENABLE_NS_ASSERTIONS = NO;
				ENABLE_STRICT_OBJC_MSGSEND = YES;
				ENABLE_USER_SCRIPT_SANDBOXING = YES;
				GCC_C_LANGUAGE_STANDARD = gnu17;
				GCC_NO_COMMON_BLOCKS = YES;
				GCC_WARN_64_TO_32_BIT_CONVERSION = YES;
				GCC_WARN_ABOUT_RETURN_TYPE = YES_ERROR;
				GCC_WARN_UNDECLARED_SELECTOR = YES;
				GCC_WARN_UNINITIALIZED_AUTOS = YES_AGGRESSIVE;
				GCC_WARN_UNUSED_FUNCTION = YES;
				GCC_WARN_UNUSED_VARIABLE = YES;
				LOCALIZATION_PREFERS_STRING_CATALOGS = YES;
				MTL_ENABLE_DEBUG_INFO = NO;
				MTL_FAST_MATH = YES;
				SWIFT_COMPILATION_MODE = wholemodule;
			};
			name = Release;
		};
		0A8148FF2C9EA7FA00E4DEDB /* Debug */ = {
			isa = XCBuildConfiguration;
			buildSettings = {
				ASSETCATALOG_COMPILER_APPICON_NAME = AppIcon;
				ASSETCATALOG_COMPILER_GLOBAL_ACCENT_COLOR_NAME = AccentColor;
				CODE_SIGN_ENTITLEMENTS = "BullyTracker Watch App/BullyTracker Watch App.entitlements";
				CODE_SIGN_IDENTITY = "Apple Development";
				CODE_SIGN_STYLE = Automatic;
				CURRENT_PROJECT_VERSION = 1;
				DEVELOPMENT_ASSET_PATHS = "\"BullyTracker Watch App/Preview Content\"";
				DEVELOPMENT_TEAM = H228535KC3;
				ENABLE_PREVIEWS = YES;
				GENERATE_INFOPLIST_FILE = YES;
				INFOPLIST_FILE = "BullyTracker-Watch-App-Info.plist";
				INFOPLIST_KEY_CFBundleDisplayName = BullyTracker;
				INFOPLIST_KEY_NSFallDetectionUsageDescription = "Fall detection will be used to notify the school to send help to the student in case of an emergency.";
				INFOPLIST_KEY_NSHealthShareUsageDescription = "Heart rate data will be used to automatically detect emergencies";
				INFOPLIST_KEY_NSHealthUpdateUsageDescription = "Heart rate data will be used to automatically detect emergencies";
				INFOPLIST_KEY_NSLocationAlwaysAndWhenInUseUsageDescription = "Location will be used to send help in an emergency situation";
				INFOPLIST_KEY_NSLocationWhenInUseUsageDescription = "Location will be used to send help in an emergency situation";
				INFOPLIST_KEY_UISupportedInterfaceOrientations = "UIInterfaceOrientationPortrait UIInterfaceOrientationPortraitUpsideDown";
				INFOPLIST_KEY_WKWatchOnly = YES;
				LD_RUNPATH_SEARCH_PATHS = (
					"$(inherited)",
					"@executable_path/Frameworks",
				);
				MARKETING_VERSION = 1.18;
				PRODUCT_BUNDLE_IDENTIFIER = BullyTracker.BTProto2.Watchapp;
				PRODUCT_NAME = "$(TARGET_NAME)";
				PROVISIONING_PROFILE_SPECIFIER = "";
				SDKROOT = watchos;
				SKIP_INSTALL = YES;
				SWIFT_EMIT_LOC_STRINGS = YES;
				SWIFT_VERSION = 5.0;
				TARGETED_DEVICE_FAMILY = 4;
				WATCHOS_DEPLOYMENT_TARGET = 10.5;
			};
			name = Debug;
		};
		0A8149002C9EA7FA00E4DEDB /* Release */ = {
			isa = XCBuildConfiguration;
			buildSettings = {
				ASSETCATALOG_COMPILER_APPICON_NAME = AppIcon;
				ASSETCATALOG_COMPILER_GLOBAL_ACCENT_COLOR_NAME = AccentColor;
				CODE_SIGN_ENTITLEMENTS = "BullyTracker Watch App/BullyTracker Watch App.entitlements";
				CODE_SIGN_IDENTITY = "Apple Development";
				CODE_SIGN_STYLE = Automatic;
				CURRENT_PROJECT_VERSION = 1;
				DEVELOPMENT_ASSET_PATHS = "\"BullyTracker Watch App/Preview Content\"";
				DEVELOPMENT_TEAM = H228535KC3;
				ENABLE_PREVIEWS = YES;
				GENERATE_INFOPLIST_FILE = YES;
				INFOPLIST_FILE = "BullyTracker-Watch-App-Info.plist";
				INFOPLIST_KEY_CFBundleDisplayName = BullyTracker;
				INFOPLIST_KEY_NSFallDetectionUsageDescription = "Fall detection will be used to notify the school to send help to the student in case of an emergency.";
				INFOPLIST_KEY_NSHealthShareUsageDescription = "Heart rate data will be used to automatically detect emergencies";
				INFOPLIST_KEY_NSHealthUpdateUsageDescription = "Heart rate data will be used to automatically detect emergencies";
				INFOPLIST_KEY_NSLocationAlwaysAndWhenInUseUsageDescription = "Location will be used to send help in an emergency situation";
				INFOPLIST_KEY_NSLocationWhenInUseUsageDescription = "Location will be used to send help in an emergency situation";
				INFOPLIST_KEY_UISupportedInterfaceOrientations = "UIInterfaceOrientationPortrait UIInterfaceOrientationPortraitUpsideDown";
				INFOPLIST_KEY_WKWatchOnly = YES;
				LD_RUNPATH_SEARCH_PATHS = (
					"$(inherited)",
					"@executable_path/Frameworks",
				);
				MARKETING_VERSION = 1.18;
				PRODUCT_BUNDLE_IDENTIFIER = BullyTracker.BTProto2.Watchapp;
				PRODUCT_NAME = "$(TARGET_NAME)";
				PROVISIONING_PROFILE_SPECIFIER = "";
				SDKROOT = watchos;
				SKIP_INSTALL = YES;
				SWIFT_EMIT_LOC_STRINGS = YES;
				SWIFT_VERSION = 5.0;
				TARGETED_DEVICE_FAMILY = 4;
				VALIDATE_PRODUCT = YES;
				WATCHOS_DEPLOYMENT_TARGET = 10.5;
			};
			name = Release;
		};
		0A8149032C9EA7FA00E4DEDB /* Debug */ = {
			isa = XCBuildConfiguration;
			buildSettings = {
				ALWAYS_EMBED_SWIFT_STANDARD_LIBRARIES = YES;
				CODE_SIGN_IDENTITY = "Apple Development";
				CODE_SIGN_STYLE = Automatic;
				CURRENT_PROJECT_VERSION = 1;
				DEVELOPMENT_TEAM = H228535KC3;
				INFOPLIST_KEY_CFBundleDisplayName = BullyTracker;
				MARKETING_VERSION = 1.18;
				PRODUCT_BUNDLE_IDENTIFIER = BullyTracker.BTProto2;
				PRODUCT_NAME = "$(TARGET_NAME)";
				PROVISIONING_PROFILE_SPECIFIER = "";
				SDKROOT = iphoneos;
				SWIFT_VERSION = 5.0;
			};
			name = Debug;
		};
		0A8149042C9EA7FA00E4DEDB /* Release */ = {
			isa = XCBuildConfiguration;
			buildSettings = {
				ALWAYS_EMBED_SWIFT_STANDARD_LIBRARIES = YES;
				CODE_SIGN_IDENTITY = "Apple Development";
				CODE_SIGN_STYLE = Automatic;
				CURRENT_PROJECT_VERSION = 1;
				DEVELOPMENT_TEAM = H228535KC3;
				INFOPLIST_KEY_CFBundleDisplayName = BullyTracker;
				MARKETING_VERSION = 1.18;
				PRODUCT_BUNDLE_IDENTIFIER = BullyTracker.BTProto2;
				PRODUCT_NAME = "$(TARGET_NAME)";
				PROVISIONING_PROFILE_SPECIFIER = "";
				SDKROOT = iphoneos;
				SWIFT_VERSION = 5.0;
				VALIDATE_PRODUCT = YES;
			};
			name = Release;
		};
/* End XCBuildConfiguration section */

/* Begin XCConfigurationList section */
		0A8148E52C9EA7F900E4DEDB /* Build configuration list for PBXProject "BullyTracker" */ = {
			isa = XCConfigurationList;
			buildConfigurations = (
				0A8148FC2C9EA7FA00E4DEDB /* Debug */,
				0A8148FD2C9EA7FA00E4DEDB /* Release */,
			);
			defaultConfigurationIsVisible = 0;
			defaultConfigurationName = Release;
		};
		0A8148FE2C9EA7FA00E4DEDB /* Build configuration list for PBXNativeTarget "BullyTracker Watch App" */ = {
			isa = XCConfigurationList;
			buildConfigurations = (
				0A8148FF2C9EA7FA00E4DEDB /* Debug */,
				0A8149002C9EA7FA00E4DEDB /* Release */,
			);
			defaultConfigurationIsVisible = 0;
			defaultConfigurationName = Release;
		};
		0A8149022C9EA7FA00E4DEDB /* Build configuration list for PBXNativeTarget "BullyTracker" */ = {
			isa = XCConfigurationList;
			buildConfigurations = (
				0A8149032C9EA7FA00E4DEDB /* Debug */,
				0A8149042C9EA7FA00E4DEDB /* Release */,
			);
			defaultConfigurationIsVisible = 0;
			defaultConfigurationName = Release;
		};
/* End XCConfigurationList section */
	};
	rootObject = 0A8148E22C9EA7F900E4DEDB /* Project object */;
}
